Microsoft Visual Studio Solution File, Format Version 12.00
# Visual Studio Version 16
VisualStudioVersion = 16.0.0.0
MinimumVisualStudioVersion = 16.0.0.0
Project("{9A19103F-16F7-4668-BE54-9A1E7A4F7556}") = "AntDesignTemplate.Server", "src\Server\AntDesignTemplate.Server.csproj", "{E2766659-1D91-4041-A3E4-6F99B8FED3D8}"
EndProject
Project("{9A19103F-16F7-4668-BE54-9A1E7A4F7556}") = "AntDesignTemplate.Client", "src\Client\AntDesignTemplate.Client.csproj", "{27C8B4BC-3116-4127-8708-58C3849CE1FC}"
EndProject
Project("{9A19103F-16F7-4668-BE54-9A1E7A4F7556}") = "AntDesignTemplate.Shared", "src\Shared\AntDesignTemplate.Shared.csproj", "{732CFC84-81A2-4A11-9CB4-104A6A6D85F3}"
EndProject
Project("{2150E333-8FDC-42A3-9474-1A3956D46DE8}") = "src", "src", "{51CE8B65-4ECC-4DA2-9C52-2682C5DFBB84}"
EndProject
Project("{9A19103F-16F7-4668-BE54-9A1E7A4F7556}") = "AntDesignTemplate.UI", "src\UI\AntDesignTemplate.UI.csproj", "{935F273C-BA26-495E-B857-9B98A2030CB3}"
EndProject
Project("{9A19103F-16F7-4668-BE54-9A1E7A4F7556}") = "IdentityServer", "src\IdentityServer\IdentityServer.csproj", "{8A88DA4D-00DB-4FCC-B23E-A370BF57E0C1}"
EndProject
Global
	GlobalSection(SolutionConfigurationPlatforms) = preSolution
		Debug|Any CPU = Debug|Any CPU
		Debug|x64 = Debug|x64
		Debug|x86 = Debug|x86
		Release|Any CPU = Release|Any CPU
		Release|x64 = Release|x64
		Release|x86 = Release|x86
	EndGlobalSection
	GlobalSection(ProjectConfigurationPlatforms) = postSolution
		{E2766659-1D91-4041-A3E4-6F99B8FED3D8}.Debug|Any CPU.ActiveCfg = Debug|Any CPU
		{E2766659-1D91-4041-A3E4-6F99B8FED3D8}.Debug|Any CPU.Build.0 = Debug|Any CPU
		{E2766659-1D91-4041-A3E4-6F99B8FED3D8}.Debug|x64.ActiveCfg = Debug|Any CPU
		{E2766659-1D91-4041-A3E4-6F99B8FED3D8}.Debug|x64.Build.0 = Debug|Any CPU
		{E2766659-1D91-4041-A3E4-6F99B8FED3D8}.Debug|x86.ActiveCfg = Debug|Any CPU
		{E2766659-1D91-4041-A3E4-6F99B8FED3D8}.Debug|x86.Build.0 = Debug|Any CPU
		{E2766659-1D91-4041-A3E4-6F99B8FED3D8}.Release|Any CPU.ActiveCfg = Release|Any CPU
		{E2766659-1D91-4041-A3E4-6F99B8FED3D8}.Release|Any CPU.Build.0 = Release|Any CPU
		{E2766659-1D91-4041-A3E4-6F99B8FED3D8}.Release|x64.ActiveCfg = Release|Any CPU
		{E2766659-1D91-4041-A3E4-6F99B8FED3D8}.Release|x64.Build.0 = Release|Any CPU
		{E2766659-1D91-4041-A3E4-6F99B8FED3D8}.Release|x86.ActiveCfg = Release|Any CPU
		{E2766659-1D91-4041-A3E4-6F99B8FED3D8}.Release|x86.Build.0 = Release|Any CPU
		{27C8B4BC-3116-4127-8708-58C3849CE1FC}.Debug|Any CPU.ActiveCfg = Debug|Any CPU
		{27C8B4BC-3116-4127-8708-58C3849CE1FC}.Debug|Any CPU.Build.0 = Debug|Any CPU
		{27C8B4BC-3116-4127-8708-58C3849CE1FC}.Debug|x64.ActiveCfg = Debug|Any CPU
		{27C8B4BC-3116-4127-8708-58C3849CE1FC}.Debug|x64.Build.0 = Debug|Any CPU
		{27C8B4BC-3116-4127-8708-58C3849CE1FC}.Debug|x86.ActiveCfg = Debug|Any CPU
		{27C8B4BC-3116-4127-8708-58C3849CE1FC}.Debug|x86.Build.0 = Debug|Any CPU
		{27C8B4BC-3116-4127-8708-58C3849CE1FC}.Release|Any CPU.ActiveCfg = Release|Any CPU
		{27C8B4BC-3116-4127-8708-58C3849CE1FC}.Release|Any CPU.Build.0 = Release|Any CPU
		{27C8B4BC-3116-4127-8708-58C3849CE1FC}.Release|x64.ActiveCfg = Release|Any CPU
		{27C8B4BC-3116-4127-8708-58C3849CE1FC}.Release|x64.Build.0 = Release|Any CPU
		{27C8B4BC-3116-4127-8708-58C3849CE1FC}.Release|x86.ActiveCfg = Release|Any CPU
		{27C8B4BC-3116-4127-8708-58C3849CE1FC}.Release|x86.Build.0 = Release|Any CPU
		{732CFC84-81A2-4A11-9CB4-104A6A6D85F3}.Debug|Any CPU.ActiveCfg = Debug|Any CPU
		{732CFC84-81A2-4A11-9CB4-104A6A6D85F3}.Debug|Any CPU.Build.0 = Debug|Any CPU
		{732CFC84-81A2-4A11-9CB4-104A6A6D85F3}.Debug|x64.ActiveCfg = Debug|Any CPU
		{732CFC84-81A2-4A11-9CB4-104A6A6D85F3}.Debug|x64.Build.0 = Debug|Any CPU
		{732CFC84-81A2-4A11-9CB4-104A6A6D85F3}.Debug|x86.ActiveCfg = Debug|Any CPU
		{732CFC84-81A2-4A11-9CB4-104A6A6D85F3}.Debug|x86.Build.0 = Debug|Any CPU
		{732CFC84-81A2-4A11-9CB4-104A6A6D85F3}.Release|Any CPU.ActiveCfg = Release|Any CPU
		{732CFC84-81A2-4A11-9CB4-104A6A6D85F3}.Release|Any CPU.Build.0 = Release|Any CPU
		{732CFC84-81A2-4A11-9CB4-104A6A6D85F3}.Release|x64.ActiveCfg = Release|Any CPU
		{732CFC84-81A2-4A11-9CB4-104A6A6D85F3}.Release|x64.Build.0 = Release|Any CPU
		{732CFC84-81A2-4A11-9CB4-104A6A6D85F3}.Release|x86.ActiveCfg = Release|Any CPU
		{732CFC84-81A2-4A11-9CB4-104A6A6D85F3}.Release|x86.Build.0 = Release|Any CPU
		{935F273C-BA26-495E-B857-9B98A2030CB3}.Debug|Any CPU.ActiveCfg = Debug|Any CPU
		{935F273C-BA26-495E-B857-9B98A2030CB3}.Debug|Any CPU.Build.0 = Debug|Any CPU
		{935F273C-BA26-495E-B857-9B98A2030CB3}.Debug|x64.ActiveCfg = Debug|Any CPU
		{935F273C-BA26-495E-B857-9B98A2030CB3}.Debug|x64.Build.0 = Debug|Any CPU
		{935F273C-BA26-495E-B857-9B98A2030CB3}.Debug|x86.ActiveCfg = Debug|Any CPU
		{935F273C-BA26-495E-B857-9B98A2030CB3}.Debug|x86.Build.0 = Debug|Any CPU
		{935F273C-BA26-495E-B857-9B98A2030CB3}.Release|Any CPU.ActiveCfg = Release|Any CPU
		{935F273C-BA26-495E-B857-9B98A2030CB3}.Release|Any CPU.Build.0 = Release|Any CPU
		{935F273C-BA26-495E-B857-9B98A2030CB3}.Release|x64.ActiveCfg = Release|Any CPU
		{935F273C-BA26-495E-B857-9B98A2030CB3}.Release|x64.Build.0 = Release|Any CPU
		{935F273C-BA26-495E-B857-9B98A2030CB3}.Release|x86.ActiveCfg = Release|Any CPU
		{935F273C-BA26-495E-B857-9B98A2030CB3}.Release|x86.Build.0 = Release|Any CPU
		{8A88DA4D-00DB-4FCC-B23E-A370BF57E0C1}.Debug|Any CPU.ActiveCfg = Debug|Any CPU
		{8A88DA4D-00DB-4FCC-B23E-A370BF57E0C1}.Debug|Any CPU.Build.0 = Debug|Any CPU
		{8A88DA4D-00DB-4FCC-B23E-A370BF57E0C1}.Debug|x64.ActiveCfg = Debug|Any CPU
		{8A88DA4D-00DB-4FCC-B23E-A370BF57E0C1}.Debug|x64.Build.0 = Debug|Any CPU
		{8A88DA4D-00DB-4FCC-B23E-A370BF57E0C1}.Debug|x86.ActiveCfg = Debug|Any CPU
		{8A88DA4D-00DB-4FCC-B23E-A370BF57E0C1}.Debug|x86.Build.0 = Debug|Any CPU
		{8A88DA4D-00DB-4FCC-B23E-A370BF57E0C1}.Release|Any CPU.ActiveCfg = Release|Any CPU
		{8A88DA4D-00DB-4FCC-B23E-A370BF57E0C1}.Release|Any CPU.Build.0 = Release|Any CPU
		{8A88DA4D-00DB-4FCC-B23E-A370BF57E0C1}.Release|x64.ActiveCfg = Release|Any CPU
		{8A88DA4D-00DB-4FCC-B23E-A370BF57E0C1}.Release|x64.Build.0 = Release|Any CPU
		{8A88DA4D-00DB-4FCC-B23E-A370BF57E0C1}.Release|x86.ActiveCfg = Release|Any CPU
		{8A88DA4D-00DB-4FCC-B23E-A370BF57E0C1}.Release|x86.Build.0 = Release|Any CPU
	EndGlobalSection
	GlobalSection(SolutionProperties) = preSolution
		HideSolutionNode = FALSE
	EndGlobalSection
	GlobalSection(NestedProjects) = preSolution
		{E2766659-1D91-4041-A3E4-6F99B8FED3D8} = {51CE8B65-4ECC-4DA2-9C52-2682C5DFBB84}
		{27C8B4BC-3116-4127-8708-58C3849CE1FC} = {51CE8B65-4ECC-4DA2-9C52-2682C5DFBB84}
		{732CFC84-81A2-4A11-9CB4-104A6A6D85F3} = {51CE8B65-4ECC-4DA2-9C52-2682C5DFBB84}
		{935F273C-BA26-495E-B857-9B98A2030CB3} = {51CE8B65-4ECC-4DA2-9C52-2682C5DFBB84}
		{8A88DA4D-00DB-4FCC-B23E-A370BF57E0C1} = {51CE8B65-4ECC-4DA2-9C52-2682C5DFBB84}
	EndGlobalSection
	GlobalSection(ExtensibilityGlobals) = postSolution
		SolutionGuid = {40814DDD-5C0D-4B69-AB20-F61C222EE93C}
	EndGlobalSection
EndGlobal
